
Microsoft Visual Studio Solution File, Format Version 12.00
# Visual Studio Version 16
VisualStudioVersion = 16.0.31702.278
MinimumVisualStudioVersion = 10.0.40219.1
Project("{FAE04EC0-301F-11D3-BF4B-00C04F79EFBC}") = "Classwork2", "Classwork2.csproj", "{A7559713-84EA-4A84-B8C2-B416BECEB1E3}"
EndProject
Project("{FAE04EC0-301F-11D3-BF4B-00C04F79EFBC}") = "Homeworkfromtm", "..\Homeworkfromtm\Homeworkfromtm.csproj", "{35542F3C-E483-408C-84B3-F4062685217B}"
EndProject
Project("{FAE04EC0-301F-11D3-BF4B-00C04F79EFBC}") = "Homeworkfromfile", "..\Homeworkfromfile\Homeworkfromfile.csproj", "{71E50E74-0B89-4971-919F-3277A82F9851}"
EndProject
Global
	GlobalSection(SolutionConfigurationPlatforms) = preSolution
		Debug|Any CPU = Debug|Any CPU
		Release|Any CPU = Release|Any CPU
	EndGlobalSection
	GlobalSection(ProjectConfigurationPlatforms) = postSolution
		{A7559713-84EA-4A84-B8C2-B416BECEB1E3}.Debug|Any CPU.ActiveCfg = Debug|Any CPU
		{A7559713-84EA-4A84-B8C2-B416BECEB1E3}.Debug|Any CPU.Build.0 = Debug|Any CPU
		{A7559713-84EA-4A84-B8C2-B416BECEB1E3}.Release|Any CPU.ActiveCfg = Release|Any CPU
		{A7559713-84EA-4A84-B8C2-B416BECEB1E3}.Release|Any CPU.Build.0 = Release|Any CPU
		{35542F3C-E483-408C-84B3-F4062685217B}.Debug|Any CPU.ActiveCfg = Debug|Any CPU
		{35542F3C-E483-408C-84B3-F4062685217B}.Debug|Any CPU.Build.0 = Debug|Any CPU
		{35542F3C-E483-408C-84B3-F4062685217B}.Release|Any CPU.ActiveCfg = Release|Any CPU
		{35542F3C-E483-408C-84B3-F4062685217B}.Release|Any CPU.Build.0 = Release|Any CPU
		{71E50E74-0B89-4971-919F-3277A82F9851}.Debug|Any CPU.ActiveCfg = Debug|Any CPU
		{71E50E74-0B89-4971-919F-3277A82F9851}.Debug|Any CPU.Build.0 = Debug|Any CPU
		{71E50E74-0B89-4971-919F-3277A82F9851}.Release|Any CPU.ActiveCfg = Release|Any CPU
		{71E50E74-0B89-4971-919F-3277A82F9851}.Release|Any CPU.Build.0 = Release|Any CPU
	EndGlobalSection
	GlobalSection(SolutionProperties) = preSolution
		HideSolutionNode = FALSE
	EndGlobalSection
	GlobalSection(ExtensibilityGlobals) = postSolution
		SolutionGuid = {D2D14420-8D98-4382-9C82-A22B647E9898}
	EndGlobalSection
EndGlobal
